
Microsoft Visual Studio Solution File, Format Version 12.00
# Visual Studio Version 17
VisualStudioVersion = 17.6.33723.286
MinimumVisualStudioVersion = 10.0.40219.1
Project("{FAE04EC0-301F-11D3-BF4B-00C04F79EFBC}") = "BattleShipLiteUI", "BattleShip\BattleShipLiteUI.csproj", "{04F19ED6-2C76-4403-B1C1-1DDFC0DFC973}"
EndProject
Project("{FAE04EC0-301F-11D3-BF4B-00C04F79EFBC}") = "BattleShipLibrary", "BattleShipLibrary\BattleShipLibrary.csproj", "{C3FF1CAB-6D80-450C-A7D4-09A2A16E579D}"
EndProject
Global
	GlobalSection(SolutionConfigurationPlatforms) = preSolution
		Debug|Any CPU = Debug|Any CPU
		Release|Any CPU = Release|Any CPU
	EndGlobalSection
	GlobalSection(ProjectConfigurationPlatforms) = postSolution
		{04F19ED6-2C76-4403-B1C1-1DDFC0DFC973}.Debug|Any CPU.ActiveCfg = Debug|Any CPU
		{04F19ED6-2C76-4403-B1C1-1DDFC0DFC973}.Debug|Any CPU.Build.0 = Debug|Any CPU
		{04F19ED6-2C76-4403-B1C1-1DDFC0DFC973}.Release|Any CPU.ActiveCfg = Release|Any CPU
		{04F19ED6-2C76-4403-B1C1-1DDFC0DFC973}.Release|Any CPU.Build.0 = Release|Any CPU
		{C3FF1CAB-6D80-450C-A7D4-09A2A16E579D}.Debug|Any CPU.ActiveCfg = Debug|Any CPU
		{C3FF1CAB-6D80-450C-A7D4-09A2A16E579D}.Debug|Any CPU.Build.0 = Debug|Any CPU
		{C3FF1CAB-6D80-450C-A7D4-09A2A16E579D}.Release|Any CPU.ActiveCfg = Release|Any CPU
		{C3FF1CAB-6D80-450C-A7D4-09A2A16E579D}.Release|Any CPU.Build.0 = Release|Any CPU
	EndGlobalSection
	GlobalSection(SolutionProperties) = preSolution
		HideSolutionNode = FALSE
	EndGlobalSection
	GlobalSection(ExtensibilityGlobals) = postSolution
		SolutionGuid = {B37DCCD1-D0C8-40DC-BDB0-DBDC95A6F07A}
	EndGlobalSection
EndGlobal
