
Microsoft Visual Studio Solution File, Format Version 12.00
# Visual Studio Version 17
VisualStudioVersion = 17.5.33424.131
MinimumVisualStudioVersion = 10.0.40219.1
Project("{FAE04EC0-301F-11D3-BF4B-00C04F79EFBC}") = "Homework4MiniProject", "Homework4MiniProject\Homework4MiniProject.csproj", "{E2E8B3E2-AA7A-4EB4-A605-9366738DB2A3}"
EndProject
Global
	GlobalSection(SolutionConfigurationPlatforms) = preSolution
		Debug|Any CPU = Debug|Any CPU
		Release|Any CPU = Release|Any CPU
	EndGlobalSection
	GlobalSection(ProjectConfigurationPlatforms) = postSolution
		{E2E8B3E2-AA7A-4EB4-A605-9366738DB2A3}.Debug|Any CPU.ActiveCfg = Debug|Any CPU
		{E2E8B3E2-AA7A-4EB4-A605-9366738DB2A3}.Debug|Any CPU.Build.0 = Debug|Any CPU
		{E2E8B3E2-AA7A-4EB4-A605-9366738DB2A3}.Release|Any CPU.ActiveCfg = Release|Any CPU
		{E2E8B3E2-AA7A-4EB4-A605-9366738DB2A3}.Release|Any CPU.Build.0 = Release|Any CPU
	EndGlobalSection
	GlobalSection(SolutionProperties) = preSolution
		HideSolutionNode = FALSE
	EndGlobalSection
	GlobalSection(ExtensibilityGlobals) = postSolution
		SolutionGuid = {C9F34220-C2A5-4E5F-B743-67014D4398DA}
	EndGlobalSection
EndGlobal
