
Microsoft Visual Studio Solution File, Format Version 12.00
# Visual Studio Version 17
VisualStudioVersion = 17.5.33530.505
MinimumVisualStudioVersion = 10.0.40219.1
Project("{FAE04EC0-301F-11D3-BF4B-00C04F79EFBC}") = "BetterGuestBook", "BetterGuestBook\BetterGuestBook.csproj", "{6640EA3C-441C-46B9-A9A1-0C49517C1D2F}"
EndProject
Project("{FAE04EC0-301F-11D3-BF4B-00C04F79EFBC}") = "GuestBookLibrary", "GuestBookLibrary\GuestBookLibrary.csproj", "{8E29878F-E379-4E15-8154-B2EEE8BD15F2}"
EndProject
Global
	GlobalSection(SolutionConfigurationPlatforms) = preSolution
		Debug|Any CPU = Debug|Any CPU
		Release|Any CPU = Release|Any CPU
	EndGlobalSection
	GlobalSection(ProjectConfigurationPlatforms) = postSolution
		{6640EA3C-441C-46B9-A9A1-0C49517C1D2F}.Debug|Any CPU.ActiveCfg = Debug|Any CPU
		{6640EA3C-441C-46B9-A9A1-0C49517C1D2F}.Debug|Any CPU.Build.0 = Debug|Any CPU
		{6640EA3C-441C-46B9-A9A1-0C49517C1D2F}.Release|Any CPU.ActiveCfg = Release|Any CPU
		{6640EA3C-441C-46B9-A9A1-0C49517C1D2F}.Release|Any CPU.Build.0 = Release|Any CPU
		{8E29878F-E379-4E15-8154-B2EEE8BD15F2}.Debug|Any CPU.ActiveCfg = Debug|Any CPU
		{8E29878F-E379-4E15-8154-B2EEE8BD15F2}.Debug|Any CPU.Build.0 = Debug|Any CPU
		{8E29878F-E379-4E15-8154-B2EEE8BD15F2}.Release|Any CPU.ActiveCfg = Release|Any CPU
		{8E29878F-E379-4E15-8154-B2EEE8BD15F2}.Release|Any CPU.Build.0 = Release|Any CPU
	EndGlobalSection
	GlobalSection(SolutionProperties) = preSolution
		HideSolutionNode = FALSE
	EndGlobalSection
	GlobalSection(ExtensibilityGlobals) = postSolution
		SolutionGuid = {045F76FA-D2D2-4FC9-BB83-1782647882F7}
	EndGlobalSection
EndGlobal
