
Microsoft Visual Studio Solution File, Format Version 12.00
# Visual Studio Version 17
VisualStudioVersion = 17.5.33516.290
MinimumVisualStudioVersion = 10.0.40219.1
Project("{FAE04EC0-301F-11D3-BF4B-00C04F79EFBC}") = "Homework7List", "Homework7List\Homework7List.csproj", "{D00939E8-3EB7-42D9-9E64-CA720061F0CA}"
EndProject
Global
	GlobalSection(SolutionConfigurationPlatforms) = preSolution
		Debug|Any CPU = Debug|Any CPU
		Release|Any CPU = Release|Any CPU
	EndGlobalSection
	GlobalSection(ProjectConfigurationPlatforms) = postSolution
		{D00939E8-3EB7-42D9-9E64-CA720061F0CA}.Debug|Any CPU.ActiveCfg = Debug|Any CPU
		{D00939E8-3EB7-42D9-9E64-CA720061F0CA}.Debug|Any CPU.Build.0 = Debug|Any CPU
		{D00939E8-3EB7-42D9-9E64-CA720061F0CA}.Release|Any CPU.ActiveCfg = Release|Any CPU
		{D00939E8-3EB7-42D9-9E64-CA720061F0CA}.Release|Any CPU.Build.0 = Release|Any CPU
	EndGlobalSection
	GlobalSection(SolutionProperties) = preSolution
		HideSolutionNode = FALSE
	EndGlobalSection
	GlobalSection(ExtensibilityGlobals) = postSolution
		SolutionGuid = {62C1F889-43C3-4669-A38E-66625C6FA9E0}
	EndGlobalSection
EndGlobal
