
Microsoft Visual Studio Solution File, Format Version 12.00
# Visual Studio Version 17
VisualStudioVersion = 17.5.33530.505
MinimumVisualStudioVersion = 10.0.40219.1
Project("{FAE04EC0-301F-11D3-BF4B-00C04F79EFBC}") = "C#JsonCleaning", "C#JsonCleaning\C#JsonCleaning.csproj", "{1986CA08-710D-41CA-9325-5F7FD270DD16}"
EndProject
Global
	GlobalSection(SolutionConfigurationPlatforms) = preSolution
		Debug|Any CPU = Debug|Any CPU
		Release|Any CPU = Release|Any CPU
	EndGlobalSection
	GlobalSection(ProjectConfigurationPlatforms) = postSolution
		{1986CA08-710D-41CA-9325-5F7FD270DD16}.Debug|Any CPU.ActiveCfg = Debug|Any CPU
		{1986CA08-710D-41CA-9325-5F7FD270DD16}.Debug|Any CPU.Build.0 = Debug|Any CPU
		{1986CA08-710D-41CA-9325-5F7FD270DD16}.Release|Any CPU.ActiveCfg = Release|Any CPU
		{1986CA08-710D-41CA-9325-5F7FD270DD16}.Release|Any CPU.Build.0 = Release|Any CPU
	EndGlobalSection
	GlobalSection(SolutionProperties) = preSolution
		HideSolutionNode = FALSE
	EndGlobalSection
	GlobalSection(ExtensibilityGlobals) = postSolution
		SolutionGuid = {9C6F7E00-CBA0-4E97-AB49-B439A020B8E0}
	EndGlobalSection
EndGlobal
