
Microsoft Visual Studio Solution File, Format Version 12.00
# Visual Studio Version 17
VisualStudioVersion = 17.5.33424.131
MinimumVisualStudioVersion = 10.0.40219.1
Project("{FAE04EC0-301F-11D3-BF4B-00C04F79EFBC}") = "HelloWorldNet6", "HelloWorldNet6\HelloWorldNet6.csproj", "{03A4119B-4DDA-438C-B4A8-ED25AC6C85EE}"
EndProject
Global
	GlobalSection(SolutionConfigurationPlatforms) = preSolution
		Debug|Any CPU = Debug|Any CPU
		Release|Any CPU = Release|Any CPU
	EndGlobalSection
	GlobalSection(ProjectConfigurationPlatforms) = postSolution
		{03A4119B-4DDA-438C-B4A8-ED25AC6C85EE}.Debug|Any CPU.ActiveCfg = Debug|Any CPU
		{03A4119B-4DDA-438C-B4A8-ED25AC6C85EE}.Debug|Any CPU.Build.0 = Debug|Any CPU
		{03A4119B-4DDA-438C-B4A8-ED25AC6C85EE}.Release|Any CPU.ActiveCfg = Release|Any CPU
		{03A4119B-4DDA-438C-B4A8-ED25AC6C85EE}.Release|Any CPU.Build.0 = Release|Any CPU
	EndGlobalSection
	GlobalSection(SolutionProperties) = preSolution
		HideSolutionNode = FALSE
	EndGlobalSection
	GlobalSection(ExtensibilityGlobals) = postSolution
		SolutionGuid = {52116929-EEA0-4EA0-8DEA-0067A0DB8D76}
	EndGlobalSection
EndGlobal
