
Microsoft Visual Studio Solution File, Format Version 12.00
# Visual Studio Version 17
VisualStudioVersion = 17.5.33424.131
MinimumVisualStudioVersion = 10.0.40219.1
Project("{FAE04EC0-301F-11D3-BF4B-00C04F79EFBC}") = "Homework6Arrays", "Homework6Arrays\Homework6Arrays.csproj", "{9416EFF8-F7AB-4416-BCD1-78F507B071B7}"
EndProject
Global
	GlobalSection(SolutionConfigurationPlatforms) = preSolution
		Debug|Any CPU = Debug|Any CPU
		Release|Any CPU = Release|Any CPU
	EndGlobalSection
	GlobalSection(ProjectConfigurationPlatforms) = postSolution
		{9416EFF8-F7AB-4416-BCD1-78F507B071B7}.Debug|Any CPU.ActiveCfg = Debug|Any CPU
		{9416EFF8-F7AB-4416-BCD1-78F507B071B7}.Debug|Any CPU.Build.0 = Debug|Any CPU
		{9416EFF8-F7AB-4416-BCD1-78F507B071B7}.Release|Any CPU.ActiveCfg = Release|Any CPU
		{9416EFF8-F7AB-4416-BCD1-78F507B071B7}.Release|Any CPU.Build.0 = Release|Any CPU
	EndGlobalSection
	GlobalSection(SolutionProperties) = preSolution
		HideSolutionNode = FALSE
	EndGlobalSection
	GlobalSection(ExtensibilityGlobals) = postSolution
		SolutionGuid = {76A79E7E-D63D-4261-974B-562A536C05E0}
	EndGlobalSection
EndGlobal
