
Microsoft Visual Studio Solution File, Format Version 12.00
# Visual Studio Version 17
VisualStudioVersion = 17.5.33530.505
MinimumVisualStudioVersion = 10.0.40219.1
Project("{FAE04EC0-301F-11D3-BF4B-00C04F79EFBC}") = "ConsoleUI", "ConsoleUI\ConsoleUI.csproj", "{13E2A777-8FC2-4310-A2F0-172D77B4F509}"
EndProject
Global
	GlobalSection(SolutionConfigurationPlatforms) = preSolution
		Debug|Any CPU = Debug|Any CPU
		Release|Any CPU = Release|Any CPU
	EndGlobalSection
	GlobalSection(ProjectConfigurationPlatforms) = postSolution
		{13E2A777-8FC2-4310-A2F0-172D77B4F509}.Debug|Any CPU.ActiveCfg = Debug|Any CPU
		{13E2A777-8FC2-4310-A2F0-172D77B4F509}.Debug|Any CPU.Build.0 = Debug|Any CPU
		{13E2A777-8FC2-4310-A2F0-172D77B4F509}.Release|Any CPU.ActiveCfg = Release|Any CPU
		{13E2A777-8FC2-4310-A2F0-172D77B4F509}.Release|Any CPU.Build.0 = Release|Any CPU
	EndGlobalSection
	GlobalSection(SolutionProperties) = preSolution
		HideSolutionNode = FALSE
	EndGlobalSection
	GlobalSection(ExtensibilityGlobals) = postSolution
		SolutionGuid = {32FD2A2F-748D-4977-B4D4-337256130018}
	EndGlobalSection
EndGlobal
