
Microsoft Visual Studio Solution File, Format Version 12.00
# Visual Studio Version 17
VisualStudioVersion = 17.5.33516.290
MinimumVisualStudioVersion = 10.0.40219.1
Project("{FAE04EC0-301F-11D3-BF4B-00C04F79EFBC}") = "Dictionaries", "Dictionaries\Dictionaries.csproj", "{D621341B-E215-4671-9BBD-915D4D3E29EE}"
EndProject
Global
	GlobalSection(SolutionConfigurationPlatforms) = preSolution
		Debug|Any CPU = Debug|Any CPU
		Release|Any CPU = Release|Any CPU
	EndGlobalSection
	GlobalSection(ProjectConfigurationPlatforms) = postSolution
		{D621341B-E215-4671-9BBD-915D4D3E29EE}.Debug|Any CPU.ActiveCfg = Debug|Any CPU
		{D621341B-E215-4671-9BBD-915D4D3E29EE}.Debug|Any CPU.Build.0 = Debug|Any CPU
		{D621341B-E215-4671-9BBD-915D4D3E29EE}.Release|Any CPU.ActiveCfg = Release|Any CPU
		{D621341B-E215-4671-9BBD-915D4D3E29EE}.Release|Any CPU.Build.0 = Release|Any CPU
	EndGlobalSection
	GlobalSection(SolutionProperties) = preSolution
		HideSolutionNode = FALSE
	EndGlobalSection
	GlobalSection(ExtensibilityGlobals) = postSolution
		SolutionGuid = {08EB3A65-7DC8-47DB-AEB3-DE9370CA47D1}
	EndGlobalSection
EndGlobal
