
Microsoft Visual Studio Solution File, Format Version 12.00
# Visual Studio Version 17
VisualStudioVersion = 17.5.33424.131
MinimumVisualStudioVersion = 10.0.40219.1
Project("{FAE04EC0-301F-11D3-BF4B-00C04F79EFBC}") = "AdvancedIf", "AdvancedIf\AdvancedIf.csproj", "{5B6283D8-2380-4B98-87AF-FA96C058AB7D}"
EndProject
Global
	GlobalSection(SolutionConfigurationPlatforms) = preSolution
		Debug|Any CPU = Debug|Any CPU
		Release|Any CPU = Release|Any CPU
	EndGlobalSection
	GlobalSection(ProjectConfigurationPlatforms) = postSolution
		{5B6283D8-2380-4B98-87AF-FA96C058AB7D}.Debug|Any CPU.ActiveCfg = Debug|Any CPU
		{5B6283D8-2380-4B98-87AF-FA96C058AB7D}.Debug|Any CPU.Build.0 = Debug|Any CPU
		{5B6283D8-2380-4B98-87AF-FA96C058AB7D}.Release|Any CPU.ActiveCfg = Release|Any CPU
		{5B6283D8-2380-4B98-87AF-FA96C058AB7D}.Release|Any CPU.Build.0 = Release|Any CPU
	EndGlobalSection
	GlobalSection(SolutionProperties) = preSolution
		HideSolutionNode = FALSE
	EndGlobalSection
	GlobalSection(ExtensibilityGlobals) = postSolution
		SolutionGuid = {1A9C0780-9DBB-4292-845A-BB1AB93777B7}
	EndGlobalSection
EndGlobal
